uuid: 7077e1ca-ac17-484f-b1c8-62800e8c3acd
langcode: en
status: true
dependencies:
  config:
    - field.storage.paragraph.field_paragraph_search_block
    - paragraphs.paragraphs_type.embedded_search_form
  module:
    - options
id: paragraph.embedded_search_form.field_paragraph_search_block
field_name: field_paragraph_search_block
entity_type: paragraph
bundle: embedded_search_form
label: 'Search Block'
description: ''
required: true
translatable: false
default_value: {  }
default_value_callback: ''
settings: {  }
field_type: list_string
